
Microsoft Visual Studio Solution File, Format Version 12.00
# Visual Studio Version 16
VisualStudioVersion = 16.0.30104.148
MinimumVisualStudioVersion = 10.0.40219.1
Project("{FAE04EC0-301F-11D3-BF4B-00C04F79EFBC}") = "CyberTigerLibrary", "CyberTigerLibrary\CyberTigerLibrary.csproj", "{C1090C89-2650-4318-B455-9E27CB926ECF}"
EndProject
Global
	GlobalSection(SolutionConfigurationPlatforms) = preSolution
		Debug|Any CPU = Debug|Any CPU
		Release|Any CPU = Release|Any CPU
	EndGlobalSection
	GlobalSection(ProjectConfigurationPlatforms) = postSolution
		{C1090C89-2650-4318-B455-9E27CB926ECF}.Debug|Any CPU.ActiveCfg = Debug|Any CPU
		{C1090C89-2650-4318-B455-9E27CB926ECF}.Debug|Any CPU.Build.0 = Debug|Any CPU
		{C1090C89-2650-4318-B455-9E27CB926ECF}.Release|Any CPU.ActiveCfg = Release|Any CPU
		{C1090C89-2650-4318-B455-9E27CB926ECF}.Release|Any CPU.Build.0 = Release|Any CPU
	EndGlobalSection
	GlobalSection(SolutionProperties) = preSolution
		HideSolutionNode = FALSE
	EndGlobalSection
	GlobalSection(ExtensibilityGlobals) = postSolution
		SolutionGuid = {032119FB-60AF-4240-9B42-90C99332E4F0}
	EndGlobalSection
EndGlobal
